PODS:
  - DATAStack (5.0.0)
  - NSEntityDescription-SYNCPrimaryKey (1.0.0):
    - NSString-HYPNetworking (~> 0.4.0)
  - NSString-HYPNetworking (0.4.0)

DEPENDENCIES:
  - DATAStack
  - NSEntityDescription-SYNCPrimaryKey (from `.`)

EXTERNAL SOURCES:
  NSEntityDescription-SYNCPrimaryKey:
    :path: "."

SPEC CHECKSUMS:
  DATAStack: e0111e1db6044c8b355e68311e002cbec8963b28
  NSEntityDescription-SYNCPrimaryKey: 3c6c6a49964a6a2e11e42709bd92e2f02b19fe79
  NSString-HYPNetworking: 24c3828eebde8a37cc16101a475934a56ac820c0

PODFILE CHECKSUM: 1764c07485adb3ffa232ebbf86f0ba284f6fa4d4

COCOAPODS: 1.0.0
