PODS:
  - DATAStack (5.2.1)
  - NSEntityDescription-SYNCPrimaryKey (1.2.3):
    - NSString-HYPNetworking (~> 1.0.2)
  - NSString-HYPNetworking (1.0.2)

DEPENDENCIES:
  - DATAStack
  - NSEntityDescription-SYNCPrimaryKey (from `.`)

EXTERNAL SOURCES:
  NSEntityDescription-SYNCPrimaryKey:
    :path: "."

SPEC CHECKSUMS:
  DATAStack: c6432c89d0bd2b1d2a17c947ca8a2c81f389f06d
  NSEntityDescription-SYNCPrimaryKey: 9dbb89d7cbc1bea196dd935725bfcf3c0ff4249c
  NSString-HYPNetworking: 7c18e44ca9529d2f74a30a1c2a7a787da76198c1

PODFILE CHECKSUM: 1764c07485adb3ffa232ebbf86f0ba284f6fa4d4

COCOAPODS: 1.0.0
